// !$*UTF8*$!
{
	archiveVersion = 1;
	classes = {
	};
	objectVersion = 56;
	objects = {

/* Begin PBXBuildFile section */
		9F6C36C52A153612000EA7B9 /* AppDelegate.swift in Sources */ = {isa = PBXBuildFile; fileRef = 9F6C36C42A153612000EA7B9 /* AppDelegate.swift */; };
		9F6C36C72A153612000EA7B9 /* SceneDelegate.swift in Sources */ = {isa = PBXBuildFile; fileRef = 9F6C36C62A153612000EA7B9 /* SceneDelegate.swift */; };
		9F6C36C92A153612000EA7B9 /* ViewController.swift in Sources */ = {isa = PBXBuildFile; fileRef = 9F6C36C82A153612000EA7B9 /* ViewController.swift */; };
		9F6C36CC2A153612000EA7B9 /* Main.storyboard in Resources */ = {isa = PBXBuildFile; fileRef = 9F6C36CA2A153612000EA7B9 /* Main.storyboard */; };
		9F6C36CE2A153613000EA7B9 /* Assets.xcassets in Resources */ = {isa = PBXBuildFile; fileRef = 9F6C36CD2A153613000EA7B9 /* Assets.xcassets */; };
		9F6C36D12A153613000EA7B9 /* LaunchScreen.storyboard in Resources */ = {isa = PBXBuildFile; fileRef = 9F6C36CF2A153613000EA7B9 /* LaunchScreen.storyboard */; };
		9F6C36D92A153701000EA7B9 /* GoogleService-Info.plist in Resources */ = {isa = PBXBuildFile; fileRef = 9F6C36D82A153700000EA7B9 /* GoogleService-Info.plist */; };
		9F6C36DC2A1538D4000EA7B9 /* FirebaseAnalytics in Frameworks */ = {isa = PBXBuildFile; productRef = 9F6C36DB2A1538D4000EA7B9 /* FirebaseAnalytics */; };
		9F6C36DE2A1538D4000EA7B9 /* FirebaseAnalyticsOnDeviceConversion in Frameworks */ = {isa = PBXBuildFile; productRef = 9F6C36DD2A1538D4000EA7B9 /* FirebaseAnalyticsOnDeviceConversion */; };
		9F6C36E02A1538D4000EA7B9 /* FirebaseAnalyticsSwift in Frameworks */ = {isa = PBXBuildFile; productRef = 9F6C36DF2A1538D4000EA7B9 /* FirebaseAnalyticsSwift */; };
		9F6C36E22A1538D4000EA7B9 /* FirebaseAnalyticsWithoutAdIdSupport in Frameworks */ = {isa = PBXBuildFile; productRef = 9F6C36E12A1538D4000EA7B9 /* FirebaseAnalyticsWithoutAdIdSupport */; };
		9F6C36E42A1538D4000EA7B9 /* FirebaseAppCheck in Frameworks */ = {isa = PBXBuildFile; productRef = 9F6C36E32A1538D4000EA7B9 /* FirebaseAppCheck */; };
		9F6C36E62A1538D4000EA7B9 /* FirebaseAppDistribution-Beta in Frameworks */ = {isa = PBXBuildFile; productRef = 9F6C36E52A1538D4000EA7B9 /* FirebaseAppDistribution-Beta */; };
		9F6C36E82A1538D4000EA7B9 /* FirebaseAuth in Frameworks */ = {isa = PBXBuildFile; productRef = 9F6C36E72A1538D4000EA7B9 /* FirebaseAuth */; };
		9F6C36EA2A1538D4000EA7B9 /* FirebaseAuthCombine-Community in Frameworks */ = {isa = PBXBuildFile; productRef = 9F6C36E92A1538D4000EA7B9 /* FirebaseAuthCombine-Community */; };
		9F6C36EC2A1538D4000EA7B9 /* FirebaseCrashlytics in Frameworks */ = {isa = PBXBuildFile; productRef = 9F6C36EB2A1538D4000EA7B9 /* FirebaseCrashlytics */; };
		9F6C36EE2A1538D4000EA7B9 /* FirebaseDatabase in Frameworks */ = {isa = PBXBuildFile; productRef = 9F6C36ED2A1538D4000EA7B9 /* FirebaseDatabase */; };
		9F6C36F02A1538D4000EA7B9 /* FirebaseDatabaseSwift in Frameworks */ = {isa = PBXBuildFile; productRef = 9F6C36EF2A1538D4000EA7B9 /* FirebaseDatabaseSwift */; };
		9F6C36F22A1538D4000EA7B9 /* FirebaseDynamicLinks in Frameworks */ = {isa = PBXBuildFile; productRef = 9F6C36F12A1538D4000EA7B9 /* FirebaseDynamicLinks */; };
		9F6C36F42A1538D4000EA7B9 /* FirebaseFirestore in Frameworks */ = {isa = PBXBuildFile; productRef = 9F6C36F32A1538D4000EA7B9 /* FirebaseFirestore */; };
		9F6C36F62A1538D4000EA7B9 /* FirebaseFirestoreCombine-Community in Frameworks */ = {isa = PBXBuildFile; productRef = 9F6C36F52A1538D4000EA7B9 /* FirebaseFirestoreCombine-Community */; };
		9F6C36F82A1538D4000EA7B9 /* FirebaseFirestoreSwift in Frameworks */ = {isa = PBXBuildFile; productRef = 9F6C36F72A1538D4000EA7B9 /* FirebaseFirestoreSwift */; };
		9F6C36FA2A1538D4000EA7B9 /* FirebaseFunctions in Frameworks */ = {isa = PBXBuildFile; productRef = 9F6C36F92A1538D4000EA7B9 /* FirebaseFunctions */; };
		9F6C36FC2A1538D4000EA7B9 /* FirebaseFunctionsCombine-Community in Frameworks */ = {isa = PBXBuildFile; productRef = 9F6C36FB2A1538D4000EA7B9 /* FirebaseFunctionsCombine-Community */; };
		9F6C36FE2A1538D5000EA7B9 /* FirebaseInAppMessaging-Beta in Frameworks */ = {isa = PBXBuildFile; productRef = 9F6C36FD2A1538D5000EA7B9 /* FirebaseInAppMessaging-Beta */; };
		9F6C37002A1538D5000EA7B9 /* FirebaseInAppMessagingSwift-Beta in Frameworks */ = {isa = PBXBuildFile; productRef = 9F6C36FF2A1538D5000EA7B9 /* FirebaseInAppMessagingSwift-Beta */; };
		9F6C37022A1538D5000EA7B9 /* FirebaseInstallations in Frameworks */ = {isa = PBXBuildFile; productRef = 9F6C37012A1538D5000EA7B9 /* FirebaseInstallations */; };
		9F6C37042A1538D5000EA7B9 /* FirebaseMLModelDownloader in Frameworks */ = {isa = PBXBuildFile; productRef = 9F6C37032A1538D5000EA7B9 /* FirebaseMLModelDownloader */; };
		9F6C37062A1538D5000EA7B9 /* FirebaseMessaging in Frameworks */ = {isa = PBXBuildFile; productRef = 9F6C37052A1538D5000EA7B9 /* FirebaseMessaging */; };
		9F6C37082A1538D5000EA7B9 /* FirebasePerformance in Frameworks */ = {isa = PBXBuildFile; productRef = 9F6C37072A1538D5000EA7B9 /* FirebasePerformance */; };
		9F6C370A2A1538D5000EA7B9 /* FirebaseRemoteConfig in Frameworks */ = {isa = PBXBuildFile; productRef = 9F6C37092A1538D5000EA7B9 /* FirebaseRemoteConfig */; };
		9F6C370C2A1538D5000EA7B9 /* FirebaseRemoteConfigSwift in Frameworks */ = {isa = PBXBuildFile; productRef = 9F6C370B2A1538D5000EA7B9 /* FirebaseRemoteConfigSwift */; };
		9F6C370E2A1538D5000EA7B9 /* FirebaseStorage in Frameworks */ = {isa = PBXBuildFile; productRef = 9F6C370D2A1538D5000EA7B9 /* FirebaseStorage */; };
		9F6C37102A1538D5000EA7B9 /* FirebaseStorageCombine-Community in Frameworks */ = {isa = PBXBuildFile; productRef = 9F6C370F2A1538D5000EA7B9 /* FirebaseStorageCombine-Community */; };
/* End PBXBuildFile section */

/* Begin PBXFileReference section */
		9F6C36C12A153612000EA7B9 /* iosfitnessapp.app */ = {isa = PBXFileReference; explicitFileType = wrapper.application; includeInIndex = 0; path = iosfitnessapp.app; sourceTree = BUILT_PRODUCTS_DIR; };
		9F6C36C42A153612000EA7B9 /* AppDelegate.swift */ = {isa = PBXFileReference; lastKnownFileType = sourcecode.swift; path = AppDelegate.swift; sourceTree = "<group>"; };
		9F6C36C62A153612000EA7B9 /* SceneDelegate.swift */ = {isa = PBXFileReference; lastKnownFileType = sourcecode.swift; path = SceneDelegate.swift; sourceTree = "<group>"; };
		9F6C36C82A153612000EA7B9 /* ViewController.swift */ = {isa = PBXFileReference; lastKnownFileType = sourcecode.swift; path = ViewController.swift; sourceTree = "<group>"; };
		9F6C36CB2A153612000EA7B9 /* Base */ = {isa = PBXFileReference; lastKnownFileType = file.storyboard; name = Base; path = Base.lproj/Main.storyboard; sourceTree = "<group>"; };
		9F6C36CD2A153613000EA7B9 /* Assets.xcassets */ = {isa = PBXFileReference; lastKnownFileType = folder.assetcatalog; path = Assets.xcassets; sourceTree = "<group>"; };
		9F6C36D02A153613000EA7B9 /* Base */ = {isa = PBXFileReference; lastKnownFileType = file.storyboard; name = Base; path = Base.lproj/LaunchScreen.storyboard; sourceTree = "<group>"; };
		9F6C36D22A153613000EA7B9 /* Info.plist */ = {isa = PBXFileReference; lastKnownFileType = text.plist.xml; path = Info.plist; sourceTree = "<group>"; };
		9F6C36D82A153700000EA7B9 /* GoogleService-Info.plist */ = {isa = PBXFileReference; fileEncoding = 4; lastKnownFileType = text.plist.xml; path = "GoogleService-Info.plist"; sourceTree = "<group>"; };
/* End PBXFileReference section */

/* Begin PBXFrameworksBuildPhase section */
		9F6C36BE2A153612000EA7B9 /* Frameworks */ = {
			isa = PBXFrameworksBuildPhase;
			buildActionMask = 2147483647;
			files = (
				9F6C36EE2A1538D4000EA7B9 /* FirebaseDatabase in Frameworks */,
				9F6C36FC2A1538D4000EA7B9 /* FirebaseFunctionsCombine-Community in Frameworks */,
				9F6C36F42A1538D4000EA7B9 /* FirebaseFirestore in Frameworks */,
				9F6C36E02A1538D4000EA7B9 /* FirebaseAnalyticsSwift in Frameworks */,
				9F6C36DC2A1538D4000EA7B9 /* FirebaseAnalytics in Frameworks */,
				9F6C36DE2A1538D4000EA7B9 /* FirebaseAnalyticsOnDeviceConversion in Frameworks */,
				9F6C37042A1538D5000EA7B9 /* FirebaseMLModelDownloader in Frameworks */,
				9F6C36F82A1538D4000EA7B9 /* FirebaseFirestoreSwift in Frameworks */,
				9F6C36E42A1538D4000EA7B9 /* FirebaseAppCheck in Frameworks */,
				9F6C36E22A1538D4000EA7B9 /* FirebaseAnalyticsWithoutAdIdSupport in Frameworks */,
				9F6C36E82A1538D4000EA7B9 /* FirebaseAuth in Frameworks */,
				9F6C36EC2A1538D4000EA7B9 /* FirebaseCrashlytics in Frameworks */,
				9F6C370C2A1538D5000EA7B9 /* FirebaseRemoteConfigSwift in Frameworks */,
				9F6C36FE2A1538D5000EA7B9 /* FirebaseInAppMessaging-Beta in Frameworks */,
				9F6C36F02A1538D4000EA7B9 /* FirebaseDatabaseSwift in Frameworks */,
				9F6C36FA2A1538D4000EA7B9 /* FirebaseFunctions in Frameworks */,
				9F6C37102A1538D5000EA7B9 /* FirebaseStorageCombine-Community in Frameworks */,
				9F6C370A2A1538D5000EA7B9 /* FirebaseRemoteConfig in Frameworks */,
				9F6C36E62A1538D4000EA7B9 /* FirebaseAppDistribution-Beta in Frameworks */,
				9F6C36EA2A1538D4000EA7B9 /* FirebaseAuthCombine-Community in Frameworks */,
				9F6C37082A1538D5000EA7B9 /* FirebasePerformance in Frameworks */,
				9F6C37002A1538D5000EA7B9 /* FirebaseInAppMessagingSwift-Beta in Frameworks */,
				9F6C370E2A1538D5000EA7B9 /* FirebaseStorage in Frameworks */,
				9F6C36F22A1538D4000EA7B9 /* FirebaseDynamicLinks in Frameworks */,
				9F6C36F62A1538D4000EA7B9 /* FirebaseFirestoreCombine-Community in Frameworks */,
				9F6C37062A1538D5000EA7B9 /* FirebaseMessaging in Frameworks */,
				9F6C37022A1538D5000EA7B9 /* FirebaseInstallations in Frameworks */,
			);
			runOnlyForDeploymentPostprocessing = 0;
		};
/* End PBXFrameworksBuildPhase section */

/* Begin PBXGroup section */
		9F6C36B82A153612000EA7B9 = {
			isa = PBXGroup;
			children = (
				9F6C36C32A153612000EA7B9 /* iosfitnessapp */,
				9F6C36C22A153612000EA7B9 /* Products */,
			);
			sourceTree = "<group>";
		};
		9F6C36C22A153612000EA7B9 /* Products */ = {
			isa = PBXGroup;
			children = (
				9F6C36C12A153612000EA7B9 /* iosfitnessapp.app */,
			);
			name = Products;
			sourceTree = "<group>";
		};
		9F6C36C32A153612000EA7B9 /* iosfitnessapp */ = {
			isa = PBXGroup;
			children = (
				9F6C36C42A153612000EA7B9 /* AppDelegate.swift */,
				9F6C36C62A153612000EA7B9 /* SceneDelegate.swift */,
				9F6C36C82A153612000EA7B9 /* ViewController.swift */,
				9F6C36CA2A153612000EA7B9 /* Main.storyboard */,
				9F6C36CD2A153613000EA7B9 /* Assets.xcassets */,
				9F6C36CF2A153613000EA7B9 /* LaunchScreen.storyboard */,
				9F6C36D22A153613000EA7B9 /* Info.plist */,
				9F6C36D82A153700000EA7B9 /* GoogleService-Info.plist */,
			);
			path = iosfitnessapp;
			sourceTree = "<group>";
		};
/* End PBXGroup section */

/* Begin PBXNativeTarget section */
		9F6C36C02A153612000EA7B9 /* iosfitnessapp */ = {
			isa = PBXNativeTarget;
			buildConfigurationList = 9F6C36D52A153613000EA7B9 /* Build configuration list for PBXNativeTarget "iosfitnessapp" */;
			buildPhases = (
				9F6C36BD2A153612000EA7B9 /* Sources */,
				9F6C36BE2A153612000EA7B9 /* Frameworks */,
				9F6C36BF2A153612000EA7B9 /* Resources */,
			);
			buildRules = (
			);
			dependencies = (
			);
			name = iosfitnessapp;
			packageProductDependencies = (
				9F6C36DB2A1538D4000EA7B9 /* FirebaseAnalytics */,
				9F6C36DD2A1538D4000EA7B9 /* FirebaseAnalyticsOnDeviceConversion */,
				9F6C36DF2A1538D4000EA7B9 /* FirebaseAnalyticsSwift */,
				9F6C36E12A1538D4000EA7B9 /* FirebaseAnalyticsWithoutAdIdSupport */,
				9F6C36E32A1538D4000EA7B9 /* FirebaseAppCheck */,
				9F6C36E52A1538D4000EA7B9 /* FirebaseAppDistribution-Beta */,
				9F6C36E72A1538D4000EA7B9 /* FirebaseAuth */,
				9F6C36E92A1538D4000EA7B9 /* FirebaseAuthCombine-Community */,
				9F6C36EB2A1538D4000EA7B9 /* FirebaseCrashlytics */,
				9F6C36ED2A1538D4000EA7B9 /* FirebaseDatabase */,
				9F6C36EF2A1538D4000EA7B9 /* FirebaseDatabaseSwift */,
				9F6C36F12A1538D4000EA7B9 /* FirebaseDynamicLinks */,
				9F6C36F32A1538D4000EA7B9 /* FirebaseFirestore */,
				9F6C36F52A1538D4000EA7B9 /* FirebaseFirestoreCombine-Community */,
				9F6C36F72A1538D4000EA7B9 /* FirebaseFirestoreSwift */,
				9F6C36F92A1538D4000EA7B9 /* FirebaseFunctions */,
				9F6C36FB2A1538D4000EA7B9 /* FirebaseFunctionsCombine-Community */,
				9F6C36FD2A1538D5000EA7B9 /* FirebaseInAppMessaging-Beta */,
				9F6C36FF2A1538D5000EA7B9 /* FirebaseInAppMessagingSwift-Beta */,
				9F6C37012A1538D5000EA7B9 /* FirebaseInstallations */,
				9F6C37032A1538D5000EA7B9 /* FirebaseMLModelDownloader */,
				9F6C37052A1538D5000EA7B9 /* FirebaseMessaging */,
				9F6C37072A1538D5000EA7B9 /* FirebasePerformance */,
				9F6C37092A1538D5000EA7B9 /* FirebaseRemoteConfig */,
				9F6C370B2A1538D5000EA7B9 /* FirebaseRemoteConfigSwift */,
				9F6C370D2A1538D5000EA7B9 /* FirebaseStorage */,
				9F6C370F2A1538D5000EA7B9 /* FirebaseStorageCombine-Community */,
			);
			productName = iosfitnessapp;
			productReference = 9F6C36C12A153612000EA7B9 /* iosfitnessapp.app */;
			productType = "com.apple.product-type.application";
		};
/* End PBXNativeTarget section */

/* Begin PBXProject section */
		9F6C36B92A153612000EA7B9 /* Project object */ = {
			isa = PBXProject;
			attributes = {
				BuildIndependentTargetsInParallel = 1;
				LastSwiftUpdateCheck = 1430;
				LastUpgradeCheck = 1430;
				TargetAttributes = {
					9F6C36C02A153612000EA7B9 = {
						CreatedOnToolsVersion = 14.3;
					};
				};
			};
			buildConfigurationList = 9F6C36BC2A153612000EA7B9 /* Build configuration list for PBXProject "iosfitnessapp" */;
			compatibilityVersion = "Xcode 14.0";
			developmentRegion = en;
			hasScannedForEncodings = 0;
			knownRegions = (
				en,
				Base,
			);
			mainGroup = 9F6C36B82A153612000EA7B9;
			packageReferences = (
				9F6C36DA2A1538D4000EA7B9 /* XCRemoteSwiftPackageReference "firebase-ios-sdk" */,
			);
			productRefGroup = 9F6C36C22A153612000EA7B9 /* Products */;
			projectDirPath = "";
			projectRoot = "";
			targets = (
				9F6C36C02A153612000EA7B9 /* iosfitnessapp */,
			);
		};
/* End PBXProject section */

/* Begin PBXResourcesBuildPhase section */
		9F6C36BF2A153612000EA7B9 /* Resources */ = {
			isa = PBXResourcesBuildPhase;
			buildActionMask = 2147483647;
			files = (
				9F6C36D12A153613000EA7B9 /* LaunchScreen.storyboard in Resources */,
				9F6C36D92A153701000EA7B9 /* GoogleService-Info.plist in Resources */,
				9F6C36CE2A153613000EA7B9 /* Assets.xcassets in Resources */,
				9F6C36CC2A153612000EA7B9 /* Main.storyboard in Resources */,
			);
			runOnlyForDeploymentPostprocessing = 0;
		};
/* End PBXResourcesBuildPhase section */

/* Begin PBXSourcesBuildPhase section */
		9F6C36BD2A153612000EA7B9 /* Sources */ = {
			isa = PBXSourcesBuildPhase;
			buildActionMask = 2147483647;
			files = (
				9F6C36C92A153612000EA7B9 /* ViewController.swift in Sources */,
				9F6C36C52A153612000EA7B9 /* AppDelegate.swift in Sources */,
				9F6C36C72A153612000EA7B9 /* SceneDelegate.swift in Sources */,
			);
			runOnlyForDeploymentPostprocessing = 0;
		};
/* End PBXSourcesBuildPhase section */

/* Begin PBXVariantGroup section */
		9F6C36CA2A153612000EA7B9 /* Main.storyboard */ = {
			isa = PBXVariantGroup;
			children = (
				9F6C36CB2A153612000EA7B9 /* Base */,
			);
			name = Main.storyboard;
			sourceTree = "<group>";
		};
		9F6C36CF2A153613000EA7B9 /* LaunchScreen.storyboard */ = {
			isa = PBXVariantGroup;
			children = (
				9F6C36D02A153613000EA7B9 /* Base */,
			);
			name = LaunchScreen.storyboard;
			sourceTree = "<group>";
		};
/* End PBXVariantGroup section */

/* Begin XCBuildConfiguration section */
		9F6C36D32A153613000EA7B9 /* Debug */ = {
			isa = XCBuildConfiguration;
			buildSettings = {
				ALWAYS_SEARCH_USER_PATHS = NO;
				CLANG_ANALYZER_NONNULL = YES;
				CLANG_ANALYZER_NUMBER_OBJECT_CONVERSION = YES_AGGRESSIVE;
				CLANG_CXX_LANGUAGE_STANDARD = "gnu++20";
				CLANG_ENABLE_MODULES = YES;
				CLANG_ENABLE_OBJC_ARC = YES;
				CLANG_ENABLE_OBJC_WEAK = YES;
				CLANG_WARN_BLOCK_CAPTURE_AUTORELEASING = YES;
				CLANG_WARN_BOOL_CONVERSION = YES;
				CLANG_WARN_COMMA = YES;
				CLANG_WARN_CONSTANT_CONVERSION = YES;
				CLANG_WARN_DEPRECATED_OBJC_IMPLEMENTATIONS = YES;
				CLANG_WARN_DIRECT_OBJC_ISA_USAGE = YES_ERROR;
				CLANG_WARN_DOCUMENTATION_COMMENTS = YES;
				CLANG_WARN_EMPTY_BODY = YES;
				CLANG_WARN_ENUM_CONVERSION = YES;
				CLANG_WARN_INFINITE_RECURSION = YES;
				CLANG_WARN_INT_CONVERSION = YES;
				CLANG_WARN_NON_LITERAL_NULL_CONVERSION = YES;
				CLANG_WARN_OBJC_IMPLICIT_RETAIN_SELF = YES;
				CLANG_WARN_OBJC_LITERAL_CONVERSION = YES;
				CLANG_WARN_OBJC_ROOT_CLASS = YES_ERROR;
				CLANG_WARN_QUOTED_INCLUDE_IN_FRAMEWORK_HEADER = YES;
				CLANG_WARN_RANGE_LOOP_ANALYSIS = YES;
				CLANG_WARN_STRICT_PROTOTYPES = YES;
				CLANG_WARN_SUSPICIOUS_MOVE = YES;
				CLANG_WARN_UNGUARDED_AVAILABILITY = YES_AGGRESSIVE;
				CLANG_WARN_UNREACHABLE_CODE = YES;
				CLANG_WARN__DUPLICATE_METHOD_MATCH = YES;
				COPY_PHASE_STRIP = NO;
				DEBUG_INFORMATION_FORMAT = dwarf;
				ENABLE_STRICT_OBJC_MSGSEND = YES;
				ENABLE_TESTABILITY = YES;
				GCC_C_LANGUAGE_STANDARD = gnu11;
				GCC_DYNAMIC_NO_PIC = NO;
				GCC_NO_COMMON_BLOCKS = YES;
				GCC_OPTIMIZATION_LEVEL = 0;
				GCC_PREPROCESSOR_DEFINITIONS = (
					"DEBUG=1",
					"$(inherited)",
				);
				GCC_WARN_64_TO_32_BIT_CONVERSION = YES;
				GCC_WARN_ABOUT_RETURN_TYPE = YES_ERROR;
				GCC_WARN_UNDECLARED_SELECTOR = YES;
				GCC_WARN_UNINITIALIZED_AUTOS = YES_AGGRESSIVE;
				GCC_WARN_UNUSED_FUNCTION = YES;
				GCC_WARN_UNUSED_VARIABLE = YES;
				IPHONEOS_DEPLOYMENT_TARGET = 16.4;
				MTL_ENABLE_DEBUG_INFO = INCLUDE_SOURCE;
				MTL_FAST_MATH = YES;
				ONLY_ACTIVE_ARCH = YES;
				SDKROOT = iphoneos;
				SWIFT_ACTIVE_COMPILATION_CONDITIONS = DEBUG;
				SWIFT_OPTIMIZATION_LEVEL = "-Onone";
			};
			name = Debug;
		};
		9F6C36D42A153613000EA7B9 /* Release */ = {
			isa = XCBuildConfiguration;
			buildSettings = {
				ALWAYS_SEARCH_USER_PATHS = NO;
				CLANG_ANALYZER_NONNULL = YES;
				CLANG_ANALYZER_NUMBER_OBJECT_CONVERSION = YES_AGGRESSIVE;
				CLANG_CXX_LANGUAGE_STANDARD = "gnu++20";
				CLANG_ENABLE_MODULES = YES;
				CLANG_ENABLE_OBJC_ARC = YES;
				CLANG_ENABLE_OBJC_WEAK = YES;
				CLANG_WARN_BLOCK_CAPTURE_AUTORELEASING = YES;
				CLANG_WARN_BOOL_CONVERSION = YES;
				CLANG_WARN_COMMA = YES;
				CLANG_WARN_CONSTANT_CONVERSION = YES;
				CLANG_WARN_DEPRECATED_OBJC_IMPLEMENTATIONS = YES;
				CLANG_WARN_DIRECT_OBJC_ISA_USAGE = YES_ERROR;
				CLANG_WARN_DOCUMENTATION_COMMENTS = YES;
				CLANG_WARN_EMPTY_BODY = YES;
				CLANG_WARN_ENUM_CONVERSION = YES;
				CLANG_WARN_INFINITE_RECURSION = YES;
				CLANG_WARN_INT_CONVERSION = YES;
				CLANG_WARN_NON_LITERAL_NULL_CONVERSION = YES;
				CLANG_WARN_OBJC_IMPLICIT_RETAIN_SELF = YES;
				CLANG_WARN_OBJC_LITERAL_CONVERSION = YES;
				CLANG_WARN_OBJC_ROOT_CLASS = YES_ERROR;
				CLANG_WARN_QUOTED_INCLUDE_IN_FRAMEWORK_HEADER = YES;
				CLANG_WARN_RANGE_LOOP_ANALYSIS = YES;
				CLANG_WARN_STRICT_PROTOTYPES = YES;
				CLANG_WARN_SUSPICIOUS_MOVE = YES;
				CLANG_WARN_UNGUARDED_AVAILABILITY = YES_AGGRESSIVE;
				CLANG_WARN_UNREACHABLE_CODE = YES;
				CLANG_WARN__DUPLICATE_METHOD_MATCH = YES;
				COPY_PHASE_STRIP = NO;
				DEBUG_INFORMATION_FORMAT = "dwarf-with-dsym";
				ENABLE_NS_ASSERTIONS = NO;
				ENABLE_STRICT_OBJC_MSGSEND = YES;
				GCC_C_LANGUAGE_STANDARD = gnu11;
				GCC_NO_COMMON_BLOCKS = YES;
				GCC_WARN_64_TO_32_BIT_CONVERSION = YES;
				GCC_WARN_ABOUT_RETURN_TYPE = YES_ERROR;
				GCC_WARN_UNDECLARED_SELECTOR = YES;
				GCC_WARN_UNINITIALIZED_AUTOS = YES_AGGRESSIVE;
				GCC_WARN_UNUSED_FUNCTION = YES;
				GCC_WARN_UNUSED_VARIABLE = YES;
				IPHONEOS_DEPLOYMENT_TARGET = 16.4;
				MTL_ENABLE_DEBUG_INFO = NO;
				MTL_FAST_MATH = YES;
				SDKROOT = iphoneos;
				SWIFT_COMPILATION_MODE = wholemodule;
				SWIFT_OPTIMIZATION_LEVEL = "-O";
				VALIDATE_PRODUCT = YES;
			};
			name = Release;
		};
		9F6C36D62A153613000EA7B9 /* Debug */ = {
			isa = XCBuildConfiguration;
			buildSettings = {
				ASSETCATALOG_COMPILER_APPICON_NAME = AppIcon;
				ASSETCATALOG_COMPILER_GLOBAL_ACCENT_COLOR_NAME = AccentColor;
				CODE_SIGN_STYLE = Automatic;
				CURRENT_PROJECT_VERSION = 1;
				GENERATE_INFOPLIST_FILE = YES;
				INFOPLIST_FILE = iosfitnessapp/Info.plist;
				INFOPLIST_KEY_UIApplicationSupportsIndirectInputEvents = YES;
				INFOPLIST_KEY_UILaunchStoryboardName = LaunchScreen;
				INFOPLIST_KEY_UIMainStoryboardFile = Main;
				INFOPLIST_KEY_UISupportedInterfaceOrientations_iPad = "UIInterfaceOrientationPortrait UIInterfaceOrientationPortraitUpsideDown UIInterfaceOrientationLandscapeLeft UIInterfaceOrientationLandscapeRight";
				INFOPLIST_KEY_UISupportedInterfaceOrientations_iPhone = "UIInterfaceOrientationPortrait UIInterfaceOrientationLandscapeLeft UIInterfaceOrientationLandscapeRight";
				LD_RUNPATH_SEARCH_PATHS = (
					"$(inherited)",
					"@executable_path/Frameworks",
				);
				MARKETING_VERSION = 1.0;
				PRODUCT_BUNDLE_IDENTIFIER = "cobsccomp212p-064.iosfitnessapp";
				PRODUCT_NAME = "$(TARGET_NAME)";
				SWIFT_EMIT_LOC_STRINGS = YES;
				SWIFT_VERSION = 5.0;
				TARGETED_DEVICE_FAMILY = "1,2";
			};
			name = Debug;
		};
		9F6C36D72A153613000EA7B9 /* Release */ = {
			isa = XCBuildConfiguration;
			buildSettings = {
				ASSETCATALOG_COMPILER_APPICON_NAME = AppIcon;
				ASSETCATALOG_COMPILER_GLOBAL_ACCENT_COLOR_NAME = AccentColor;
				CODE_SIGN_STYLE = Automatic;
				CURRENT_PROJECT_VERSION = 1;
				GENERATE_INFOPLIST_FILE = YES;
				INFOPLIST_FILE = iosfitnessapp/Info.plist;
				INFOPLIST_KEY_UIApplicationSupportsIndirectInputEvents = YES;
				INFOPLIST_KEY_UILaunchStoryboardName = LaunchScreen;
				INFOPLIST_KEY_UIMainStoryboardFile = Main;
				INFOPLIST_KEY_UISupportedInterfaceOrientations_iPad = "UIInterfaceOrientationPortrait UIInterfaceOrientationPortraitUpsideDown UIInterfaceOrientationLandscapeLeft UIInterfaceOrientationLandscapeRight";
				INFOPLIST_KEY_UISupportedInterfaceOrientations_iPhone = "UIInterfaceOrientationPortrait UIInterfaceOrientationLandscapeLeft UIInterfaceOrientationLandscapeRight";
				LD_RUNPATH_SEARCH_PATHS = (
					"$(inherited)",
					"@executable_path/Frameworks",
				);
				MARKETING_VERSION = 1.0;
				PRODUCT_BUNDLE_IDENTIFIER = "cobsccomp212p-064.iosfitnessapp";
				PRODUCT_NAME = "$(TARGET_NAME)";
				SWIFT_EMIT_LOC_STRINGS = YES;
				SWIFT_VERSION = 5.0;
				TARGETED_DEVICE_FAMILY = "1,2";
			};
			name = Release;
		};
/* End XCBuildConfiguration section */

/* Begin XCConfigurationList section */
		9F6C36BC2A153612000EA7B9 /* Build configuration list for PBXProject "iosfitnessapp" */ = {
			isa = XCConfigurationList;
			buildConfigurations = (
				9F6C36D32A153613000EA7B9 /* Debug */,
				9F6C36D42A153613000EA7B9 /* Release */,
			);
			defaultConfigurationIsVisible = 0;
			defaultConfigurationName = Release;
		};
		9F6C36D52A153613000EA7B9 /* Build configuration list for PBXNativeTarget "iosfitnessapp" */ = {
			isa = XCConfigurationList;
			buildConfigurations = (
				9F6C36D62A153613000EA7B9 /* Debug */,
				9F6C36D72A153613000EA7B9 /* Release */,
			);
			defaultConfigurationIsVisible = 0;
			defaultConfigurationName = Release;
		};
/* End XCConfigurationList section */

/* Begin XCRemoteSwiftPackageReference section */
		9F6C36DA2A1538D4000EA7B9 /* XCRemoteSwiftPackageReference "firebase-ios-sdk" */ = {
			isa = XCRemoteSwiftPackageReference;
			repositoryURL = "https://github.com/firebase/firebase-ios-sdk";
			requirement = {
				kind = upToNextMajorVersion;
				minimumVersion = 10.0.0;
			};
		};
/* End XCRemoteSwiftPackageReference section */

/* Begin XCSwiftPackageProductDependency section */
		9F6C36DB2A1538D4000EA7B9 /* FirebaseAnalytics */ = {
			isa = XCSwiftPackageProductDependency;
			package = 9F6C36DA2A1538D4000EA7B9 /* XCRemoteSwiftPackageReference "firebase-ios-sdk" */;
			productName = FirebaseAnalytics;
		};
		9F6C36DD2A1538D4000EA7B9 /* FirebaseAnalyticsOnDeviceConversion */ = {
			isa = XCSwiftPackageProductDependency;
			package = 9F6C36DA2A1538D4000EA7B9 /* XCRemoteSwiftPackageReference "firebase-ios-sdk" */;
			productName = FirebaseAnalyticsOnDeviceConversion;
		};
		9F6C36DF2A1538D4000EA7B9 /* FirebaseAnalyticsSwift */ = {
			isa = XCSwiftPackageProductDependency;
			package = 9F6C36DA2A1538D4000EA7B9 /* XCRemoteSwiftPackageReference "firebase-ios-sdk" */;
			productName = FirebaseAnalyticsSwift;
		};
		9F6C36E12A1538D4000EA7B9 /* FirebaseAnalyticsWithoutAdIdSupport */ = {
			isa = XCSwiftPackageProductDependency;
			package = 9F6C36DA2A1538D4000EA7B9 /* XCRemoteSwiftPackageReference "firebase-ios-sdk" */;
			productName = FirebaseAnalyticsWithoutAdIdSupport;
		};
		9F6C36E32A1538D4000EA7B9 /* FirebaseAppCheck */ = {
			isa = XCSwiftPackageProductDependency;
			package = 9F6C36DA2A1538D4000EA7B9 /* XCRemoteSwiftPackageReference "firebase-ios-sdk" */;
			productName = FirebaseAppCheck;
		};
		9F6C36E52A1538D4000EA7B9 /* FirebaseAppDistribution-Beta */ = {
			isa = XCSwiftPackageProductDependency;
			package = 9F6C36DA2A1538D4000EA7B9 /* XCRemoteSwiftPackageReference "firebase-ios-sdk" */;
			productName = "FirebaseAppDistribution-Beta";
		};
		9F6C36E72A1538D4000EA7B9 /* FirebaseAuth */ = {
			isa = XCSwiftPackageProductDependency;
			package = 9F6C36DA2A1538D4000EA7B9 /* XCRemoteSwiftPackageReference "firebase-ios-sdk" */;
			productName = FirebaseAuth;
		};
		9F6C36E92A1538D4000EA7B9 /* FirebaseAuthCombine-Community */ = {
			isa = XCSwiftPackageProductDependency;
			package = 9F6C36DA2A1538D4000EA7B9 /* XCRemoteSwiftPackageReference "firebase-ios-sdk" */;
			productName = "FirebaseAuthCombine-Community";
		};
		9F6C36EB2A1538D4000EA7B9 /* FirebaseCrashlytics */ = {
			isa = XCSwiftPackageProductDependency;
			package = 9F6C36DA2A1538D4000EA7B9 /* XCRemoteSwiftPackageReference "firebase-ios-sdk" */;
			productName = FirebaseCrashlytics;
		};
		9F6C36ED2A1538D4000EA7B9 /* FirebaseDatabase */ = {
			isa = XCSwiftPackageProductDependency;
			package = 9F6C36DA2A1538D4000EA7B9 /* XCRemoteSwiftPackageReference "firebase-ios-sdk" */;
			productName = FirebaseDatabase;
		};
		9F6C36EF2A1538D4000EA7B9 /* FirebaseDatabaseSwift */ = {
			isa = XCSwiftPackageProductDependency;
			package = 9F6C36DA2A1538D4000EA7B9 /* XCRemoteSwiftPackageReference "firebase-ios-sdk" */;
			productName = FirebaseDatabaseSwift;
		};
		9F6C36F12A1538D4000EA7B9 /* FirebaseDynamicLinks */ = {
			isa = XCSwiftPackageProductDependency;
			package = 9F6C36DA2A1538D4000EA7B9 /* XCRemoteSwiftPackageReference "firebase-ios-sdk" */;
			productName = FirebaseDynamicLinks;
		};
		9F6C36F32A1538D4000EA7B9 /* FirebaseFirestore */ = {
			isa = XCSwiftPackageProductDependency;
			package = 9F6C36DA2A1538D4000EA7B9 /* XCRemoteSwiftPackageReference "firebase-ios-sdk" */;
			productName = FirebaseFirestore;
		};
		9F6C36F52A1538D4000EA7B9 /* FirebaseFirestoreCombine-Community */ = {
			isa = XCSwiftPackageProductDependency;
			package = 9F6C36DA2A1538D4000EA7B9 /* XCRemoteSwiftPackageReference "firebase-ios-sdk" */;
			productName = "FirebaseFirestoreCombine-Community";
		};
		9F6C36F72A1538D4000EA7B9 /* FirebaseFirestoreSwift */ = {
			isa = XCSwiftPackageProductDependency;
			package = 9F6C36DA2A1538D4000EA7B9 /* XCRemoteSwiftPackageReference "firebase-ios-sdk" */;
			productName = FirebaseFirestoreSwift;
		};
		9F6C36F92A1538D4000EA7B9 /* FirebaseFunctions */ = {
			isa = XCSwiftPackageProductDependency;
			package = 9F6C36DA2A1538D4000EA7B9 /* XCRemoteSwiftPackageReference "firebase-ios-sdk" */;
			productName = FirebaseFunctions;
		};
		9F6C36FB2A1538D4000EA7B9 /* FirebaseFunctionsCombine-Community */ = {
			isa = XCSwiftPackageProductDependency;
			package = 9F6C36DA2A1538D4000EA7B9 /* XCRemoteSwiftPackageReference "firebase-ios-sdk" */;
			productName = "FirebaseFunctionsCombine-Community";
		};
		9F6C36FD2A1538D5000EA7B9 /* FirebaseInAppMessaging-Beta */ = {
			isa = XCSwiftPackageProductDependency;
			package = 9F6C36DA2A1538D4000EA7B9 /* XCRemoteSwiftPackageReference "firebase-ios-sdk" */;
			productName = "FirebaseInAppMessaging-Beta";
		};
		9F6C36FF2A1538D5000EA7B9 /* FirebaseInAppMessagingSwift-Beta */ = {
			isa = XCSwiftPackageProductDependency;
			package = 9F6C36DA2A1538D4000EA7B9 /* XCRemoteSwiftPackageReference "firebase-ios-sdk" */;
			productName = "FirebaseInAppMessagingSwift-Beta";
		};
		9F6C37012A1538D5000EA7B9 /* FirebaseInstallations */ = {
			isa = XCSwiftPackageProductDependency;
			package = 9F6C36DA2A1538D4000EA7B9 /* XCRemoteSwiftPackageReference "firebase-ios-sdk" */;
			productName = FirebaseInstallations;
		};
		9F6C37032A1538D5000EA7B9 /* FirebaseMLModelDownloader */ = {
			isa = XCSwiftPackageProductDependency;
			package = 9F6C36DA2A1538D4000EA7B9 /* XCRemoteSwiftPackageReference "firebase-ios-sdk" */;
			productName = FirebaseMLModelDownloader;
		};
		9F6C37052A1538D5000EA7B9 /* FirebaseMessaging */ = {
			isa = XCSwiftPackageProductDependency;
			package = 9F6C36DA2A1538D4000EA7B9 /* XCRemoteSwiftPackageReference "firebase-ios-sdk" */;
			productName = FirebaseMessaging;
		};
		9F6C37072A1538D5000EA7B9 /* FirebasePerformance */ = {
			isa = XCSwiftPackageProductDependency;
			package = 9F6C36DA2A1538D4000EA7B9 /* XCRemoteSwiftPackageReference "firebase-ios-sdk" */;
			productName = FirebasePerformance;
		};
		9F6C37092A1538D5000EA7B9 /* FirebaseRemoteConfig */ = {
			isa = XCSwiftPackageProductDependency;
			package = 9F6C36DA2A1538D4000EA7B9 /* XCRemoteSwiftPackageReference "firebase-ios-sdk" */;
			productName = FirebaseRemoteConfig;
		};
		9F6C370B2A1538D5000EA7B9 /* FirebaseRemoteConfigSwift */ = {
			isa = XCSwiftPackageProductDependency;
			package = 9F6C36DA2A1538D4000EA7B9 /* XCRemoteSwiftPackageReference "firebase-ios-sdk" */;
			productName = FirebaseRemoteConfigSwift;
		};
		9F6C370D2A1538D5000EA7B9 /* FirebaseStorage */ = {
			isa = XCSwiftPackageProductDependency;
			package = 9F6C36DA2A1538D4000EA7B9 /* XCRemoteSwiftPackageReference "firebase-ios-sdk" */;
			productName = FirebaseStorage;
		};
		9F6C370F2A1538D5000EA7B9 /* FirebaseStorageCombine-Community */ = {
			isa = XCSwiftPackageProductDependency;
			package = 9F6C36DA2A1538D4000EA7B9 /* XCRemoteSwiftPackageReference "firebase-ios-sdk" */;
			productName = "FirebaseStorageCombine-Community";
		};
/* End XCSwiftPackageProductDependency section */
	};
	rootObject = 9F6C36B92A153612000EA7B9 /* Project object */;
}
