// !$*UTF8*$!
{
	archiveVersion = 1;
	classes = {
	};
	objectVersion = 50;
	objects = {

/* Begin PBXBuildFile section */
		093DEBCE2A1A083400279D38 /* AppDelegate.swift in Sources */ = {isa = PBXBuildFile; fileRef = 093DEBCD2A1A083400279D38 /* AppDelegate.swift */; };
		093DEBD02A1A083400279D38 /* SceneDelegate.swift in Sources */ = {isa = PBXBuildFile; fileRef = 093DEBCF2A1A083400279D38 /* SceneDelegate.swift */; };
		093DEBD22A1A083400279D38 /* ViewController.swift in Sources */ = {isa = PBXBuildFile; fileRef = 093DEBD12A1A083400279D38 /* ViewController.swift */; };
		093DEBD72A1A085700279D38 /* Assets.xcassets in Resources */ = {isa = PBXBuildFile; fileRef = 093DEBD62A1A085700279D38 /* Assets.xcassets */; };
		093DEBDA2A1A085700279D38 /* LaunchScreen.storyboard in Resources */ = {isa = PBXBuildFile; fileRef = 093DEBD82A1A085700279D38 /* LaunchScreen.storyboard */; };
		093DEBE52A1A085800279D38 /* IosFitnessAppTests.swift in Sources */ = {isa = PBXBuildFile; fileRef = 093DEBE42A1A085800279D38 /* IosFitnessAppTests.swift */; };
		093DEBF02A1A085800279D38 /* IosFitnessAppUITests.swift in Sources */ = {isa = PBXBuildFile; fileRef = 093DEBEF2A1A085800279D38 /* IosFitnessAppUITests.swift */; };
/* End PBXBuildFile section */

/* Begin PBXContainerItemProxy section */
		093DEBE12A1A085800279D38 /* PBXContainerItemProxy */ = {
			isa = PBXContainerItemProxy;
			containerPortal = 093DEBC22A1A083400279D38 /* Project object */;
			proxyType = 1;
			remoteGlobalIDString = 093DEBC92A1A083400279D38;
			remoteInfo = IosFitnessApp;
		};
		093DEBEC2A1A085800279D38 /* PBXContainerItemProxy */ = {
			isa = PBXContainerItemProxy;
			containerPortal = 093DEBC22A1A083400279D38 /* Project object */;
			proxyType = 1;
			remoteGlobalIDString = 093DEBC92A1A083400279D38;
			remoteInfo = IosFitnessApp;
		};
/* End PBXContainerItemProxy section */

/* Begin PBXFileReference section */
		093DEBCA2A1A083400279D38 /* IosFitnessApp.app */ = {isa = PBXFileReference; explicitFileType = wrapper.application; includeInIndex = 0; path = IosFitnessApp.app; sourceTree = BUILT_PRODUCTS_DIR; };
		093DEBCD2A1A083400279D38 /* AppDelegate.swift */ = {isa = PBXFileReference; lastKnownFileType = sourcecode.swift; path = AppDelegate.swift; sourceTree = "<group>"; };
		093DEBCF2A1A083400279D38 /* SceneDelegate.swift */ = {isa = PBXFileReference; lastKnownFileType = sourcecode.swift; path = SceneDelegate.swift; sourceTree = "<group>"; };
		093DEBD12A1A083400279D38 /* ViewController.swift */ = {isa = PBXFileReference; lastKnownFileType = sourcecode.swift; path = ViewController.swift; sourceTree = "<group>"; };
		093DEBD62A1A085700279D38 /* Assets.xcassets */ = {isa = PBXFileReference; lastKnownFileType = folder.assetcatalog; path = Assets.xcassets; sourceTree = "<group>"; };
		093DEBD92A1A085700279D38 /* Base */ = {isa = PBXFileReference; lastKnownFileType = file.storyboard; name = Base; path = Base.lproj/LaunchScreen.storyboard; sourceTree = "<group>"; };
		093DEBDB2A1A085700279D38 /* Info.plist */ = {isa = PBXFileReference; lastKnownFileType = text.plist.xml; path = Info.plist; sourceTree = "<group>"; };
		093DEBE02A1A085800279D38 /* IosFitnessAppTests.xctest */ = {isa = PBXFileReference; explicitFileType = wrapper.cfbundle; includeInIndex = 0; path = IosFitnessAppTests.xctest; sourceTree = BUILT_PRODUCTS_DIR; };
		093DEBE42A1A085800279D38 /* IosFitnessAppTests.swift */ = {isa = PBXFileReference; lastKnownFileType = sourcecode.swift; path = IosFitnessAppTests.swift; sourceTree = "<group>"; };
		093DEBE62A1A085800279D38 /* Info.plist */ = {isa = PBXFileReference; lastKnownFileType = text.plist.xml; path = Info.plist; sourceTree = "<group>"; };
		093DEBEB2A1A085800279D38 /* IosFitnessAppUITests.xctest */ = {isa = PBXFileReference; explicitFileType = wrapper.cfbundle; includeInIndex = 0; path = IosFitnessAppUITests.xctest; sourceTree = BUILT_PRODUCTS_DIR; };
		093DEBEF2A1A085800279D38 /* IosFitnessAppUITests.swift */ = {isa = PBXFileReference; lastKnownFileType = sourcecode.swift; path = IosFitnessAppUITests.swift; sourceTree = "<group>"; };
		093DEBF12A1A085800279D38 /* Info.plist */ = {isa = PBXFileReference; lastKnownFileType = text.plist.xml; path = Info.plist; sourceTree = "<group>"; };
/* End PBXFileReference section */

/* Begin PBXFrameworksBuildPhase section */
		093DEBC72A1A083400279D38 /* Frameworks */ = {
			isa = PBXFrameworksBuildPhase;
			buildActionMask = 2147483647;
			files = (
			);
			runOnlyForDeploymentPostprocessing = 0;
		};
		093DEBDD2A1A085800279D38 /* Frameworks */ = {
			isa = PBXFrameworksBuildPhase;
			buildActionMask = 2147483647;
			files = (
			);
			runOnlyForDeploymentPostprocessing = 0;
		};
		093DEBE82A1A085800279D38 /* Frameworks */ = {
			isa = PBXFrameworksBuildPhase;
			buildActionMask = 2147483647;
			files = (
			);
			runOnlyForDeploymentPostprocessing = 0;
		};
/* End PBXFrameworksBuildPhase section */

/* Begin PBXGroup section */
		093DEBC12A1A083400279D38 = {
			isa = PBXGroup;
			children = (
				093DEBCC2A1A083400279D38 /* IosFitnessApp */,
				093DEBE32A1A085800279D38 /* IosFitnessAppTests */,
				093DEBEE2A1A085800279D38 /* IosFitnessAppUITests */,
				093DEBCB2A1A083400279D38 /* Products */,
			);
			sourceTree = "<group>";
		};
		093DEBCB2A1A083400279D38 /* Products */ = {
			isa = PBXGroup;
			children = (
				093DEBCA2A1A083400279D38 /* IosFitnessApp.app */,
				093DEBE02A1A085800279D38 /* IosFitnessAppTests.xctest */,
				093DEBEB2A1A085800279D38 /* IosFitnessAppUITests.xctest */,
			);
			name = Products;
			sourceTree = "<group>";
		};
		093DEBCC2A1A083400279D38 /* IosFitnessApp */ = {
			isa = PBXGroup;
			children = (
				093DEBCD2A1A083400279D38 /* AppDelegate.swift */,
				093DEBCF2A1A083400279D38 /* SceneDelegate.swift */,
				093DEBD12A1A083400279D38 /* ViewController.swift */,
				093DEBD62A1A085700279D38 /* Assets.xcassets */,
				093DEBD82A1A085700279D38 /* LaunchScreen.storyboard */,
				093DEBDB2A1A085700279D38 /* Info.plist */,
			);
			path = IosFitnessApp;
			sourceTree = "<group>";
		};
		093DEBE32A1A085800279D38 /* IosFitnessAppTests */ = {
			isa = PBXGroup;
			children = (
				093DEBE42A1A085800279D38 /* IosFitnessAppTests.swift */,
				093DEBE62A1A085800279D38 /* Info.plist */,
			);
			path = IosFitnessAppTests;
			sourceTree = "<group>";
		};
		093DEBEE2A1A085800279D38 /* IosFitnessAppUITests */ = {
			isa = PBXGroup;
			children = (
				093DEBEF2A1A085800279D38 /* IosFitnessAppUITests.swift */,
				093DEBF12A1A085800279D38 /* Info.plist */,
			);
			path = IosFitnessAppUITests;
			sourceTree = "<group>";
		};
/* End PBXGroup section */

/* Begin PBXNativeTarget section */
		093DEBC92A1A083400279D38 /* IosFitnessApp */ = {
			isa = PBXNativeTarget;
			buildConfigurationList = 093DEBF42A1A085800279D38 /* Build configuration list for PBXNativeTarget "IosFitnessApp" */;
			buildPhases = (
				093DEBC62A1A083400279D38 /* Sources */,
				093DEBC72A1A083400279D38 /* Frameworks */,
				093DEBC82A1A083400279D38 /* Resources */,
			);
			buildRules = (
			);
			dependencies = (
			);
			name = IosFitnessApp;
			productName = IosFitnessApp;
			productReference = 093DEBCA2A1A083400279D38 /* IosFitnessApp.app */;
			productType = "com.apple.product-type.application";
		};
		093DEBDF2A1A085800279D38 /* IosFitnessAppTests */ = {
			isa = PBXNativeTarget;
			buildConfigurationList = 093DEBF72A1A085800279D38 /* Build configuration list for PBXNativeTarget "IosFitnessAppTests" */;
			buildPhases = (
				093DEBDC2A1A085800279D38 /* Sources */,
				093DEBDD2A1A085800279D38 /* Frameworks */,
				093DEBDE2A1A085800279D38 /* Resources */,
			);
			buildRules = (
			);
			dependencies = (
				093DEBE22A1A085800279D38 /* PBXTargetDependency */,
			);
			name = IosFitnessAppTests;
			productName = IosFitnessAppTests;
			productReference = 093DEBE02A1A085800279D38 /* IosFitnessAppTests.xctest */;
			productType = "com.apple.product-type.bundle.unit-test";
		};
		093DEBEA2A1A085800279D38 /* IosFitnessAppUITests */ = {
			isa = PBXNativeTarget;
			buildConfigurationList = 093DEBFA2A1A085800279D38 /* Build configuration list for PBXNativeTarget "IosFitnessAppUITests" */;
			buildPhases = (
				093DEBE72A1A085800279D38 /* Sources */,
				093DEBE82A1A085800279D38 /* Frameworks */,
				093DEBE92A1A085800279D38 /* Resources */,
			);
			buildRules = (
			);
			dependencies = (
				093DEBED2A1A085800279D38 /* PBXTargetDependency */,
			);
			name = IosFitnessAppUITests;
			productName = IosFitnessAppUITests;
			productReference = 093DEBEB2A1A085800279D38 /* IosFitnessAppUITests.xctest */;
			productType = "com.apple.product-type.bundle.ui-testing";
		};
/* End PBXNativeTarget section */

/* Begin PBXProject section */
		093DEBC22A1A083400279D38 /* Project object */ = {
			isa = PBXProject;
			attributes = {
				LastSwiftUpdateCheck = 1200;
				LastUpgradeCheck = 1200;
				TargetAttributes = {
					093DEBC92A1A083400279D38 = {
						CreatedOnToolsVersion = 12.0;
					};
					093DEBDF2A1A085800279D38 = {
						CreatedOnToolsVersion = 12.0;
						TestTargetID = 093DEBC92A1A083400279D38;
					};
					093DEBEA2A1A085800279D38 = {
						CreatedOnToolsVersion = 12.0;
						TestTargetID = 093DEBC92A1A083400279D38;
					};
				};
			};
			buildConfigurationList = 093DEBC52A1A083400279D38 /* Build configuration list for PBXProject "IosFitnessApp" */;
			compatibilityVersion = "Xcode 9.3";
			developmentRegion = en;
			hasScannedForEncodings = 0;
			knownRegions = (
				en,
				Base,
			);
			mainGroup = 093DEBC12A1A083400279D38;
			productRefGroup = 093DEBCB2A1A083400279D38 /* Products */;
			projectDirPath = "";
			projectRoot = "";
			targets = (
				093DEBC92A1A083400279D38 /* IosFitnessApp */,
				093DEBDF2A1A085800279D38 /* IosFitnessAppTests */,
				093DEBEA2A1A085800279D38 /* IosFitnessAppUITests */,
			);
		};
/* End PBXProject section */

/* Begin PBXResourcesBuildPhase section */
		093DEBC82A1A083400279D38 /* Resources */ = {
			isa = PBXResourcesBuildPhase;
			buildActionMask = 2147483647;
			files = (
				093DEBDA2A1A085700279D38 /* LaunchScreen.storyboard in Resources */,
				093DEBD72A1A085700279D38 /* Assets.xcassets in Resources */,
			);
			runOnlyForDeploymentPostprocessing = 0;
		};
		093DEBDE2A1A085800279D38 /* Resources */ = {
			isa = PBXResourcesBuildPhase;
			buildActionMask = 2147483647;
			files = (
			);
			runOnlyForDeploymentPostprocessing = 0;
		};
		093DEBE92A1A085800279D38 /* Resources */ = {
			isa = PBXResourcesBuildPhase;
			buildActionMask = 2147483647;
			files = (
			);
			runOnlyForDeploymentPostprocessing = 0;
		};
/* End PBXResourcesBuildPhase section */

/* Begin PBXSourcesBuildPhase section */
		093DEBC62A1A083400279D38 /* Sources */ = {
			isa = PBXSourcesBuildPhase;
			buildActionMask = 2147483647;
			files = (
				093DEBD22A1A083400279D38 /* ViewController.swift in Sources */,
				093DEBCE2A1A083400279D38 /* AppDelegate.swift in Sources */,
				093DEBD02A1A083400279D38 /* SceneDelegate.swift in Sources */,
			);
			runOnlyForDeploymentPostprocessing = 0;
		};
		093DEBDC2A1A085800279D38 /* Sources */ = {
			isa = PBXSourcesBuildPhase;
			buildActionMask = 2147483647;
			files = (
				093DEBE52A1A085800279D38 /* IosFitnessAppTests.swift in Sources */,
			);
			runOnlyForDeploymentPostprocessing = 0;
		};
		093DEBE72A1A085800279D38 /* Sources */ = {
			isa = PBXSourcesBuildPhase;
			buildActionMask = 2147483647;
			files = (
				093DEBF02A1A085800279D38 /* IosFitnessAppUITests.swift in Sources */,
			);
			runOnlyForDeploymentPostprocessing = 0;
		};
/* End PBXSourcesBuildPhase section */

/* Begin PBXTargetDependency section */
		093DEBE22A1A085800279D38 /* PBXTargetDependency */ = {
			isa = PBXTargetDependency;
			target = 093DEBC92A1A083400279D38 /* IosFitnessApp */;
			targetProxy = 093DEBE12A1A085800279D38 /* PBXContainerItemProxy */;
		};
		093DEBED2A1A085800279D38 /* PBXTargetDependency */ = {
			isa = PBXTargetDependency;
			target = 093DEBC92A1A083400279D38 /* IosFitnessApp */;
			targetProxy = 093DEBEC2A1A085800279D38 /* PBXContainerItemProxy */;
		};
/* End PBXTargetDependency section */

/* Begin PBXVariantGroup section */
		093DEBD82A1A085700279D38 /* LaunchScreen.storyboard */ = {
			isa = PBXVariantGroup;
			children = (
				093DEBD92A1A085700279D38 /* Base */,
			);
			name = LaunchScreen.storyboard;
			sourceTree = "<group>";
		};
/* End PBXVariantGroup section */

/* Begin XCBuildConfiguration section */
		093DEBF22A1A085800279D38 /* Debug */ = {
			isa = XCBuildConfiguration;
			buildSettings = {
				ALWAYS_SEARCH_USER_PATHS = NO;
				CLANG_ANALYZER_NONNULL = YES;
				CLANG_ANALYZER_NUMBER_OBJECT_CONVERSION = YES_AGGRESSIVE;
				CLANG_CXX_LANGUAGE_STANDARD = "gnu++14";
				CLANG_CXX_LIBRARY = "libc++";
				CLANG_ENABLE_MODULES = YES;
				CLANG_ENABLE_OBJC_ARC = YES;
				CLANG_ENABLE_OBJC_WEAK = YES;
				CLANG_WARN_BLOCK_CAPTURE_AUTORELEASING = YES;
				CLANG_WARN_BOOL_CONVERSION = YES;
				CLANG_WARN_COMMA = YES;
				CLANG_WARN_CONSTANT_CONVERSION = YES;
				CLANG_WARN_DEPRECATED_OBJC_IMPLEMENTATIONS = YES;
				CLANG_WARN_DIRECT_OBJC_ISA_USAGE = YES_ERROR;
				CLANG_WARN_DOCUMENTATION_COMMENTS = YES;
				CLANG_WARN_EMPTY_BODY = YES;
				CLANG_WARN_ENUM_CONVERSION = YES;
				CLANG_WARN_INFINITE_RECURSION = YES;
				CLANG_WARN_INT_CONVERSION = YES;
				CLANG_WARN_NON_LITERAL_NULL_CONVERSION = YES;
				CLANG_WARN_OBJC_IMPLICIT_RETAIN_SELF = YES;
				CLANG_WARN_OBJC_LITERAL_CONVERSION = YES;
				CLANG_WARN_OBJC_ROOT_CLASS = YES_ERROR;
				CLANG_WARN_QUOTED_INCLUDE_IN_FRAMEWORK_HEADER = YES;
				CLANG_WARN_RANGE_LOOP_ANALYSIS = YES;
				CLANG_WARN_STRICT_PROTOTYPES = YES;
				CLANG_WARN_SUSPICIOUS_MOVE = YES;
				CLANG_WARN_UNGUARDED_AVAILABILITY = YES_AGGRESSIVE;
				CLANG_WARN_UNREACHABLE_CODE = YES;
				CLANG_WARN__DUPLICATE_METHOD_MATCH = YES;
				COPY_PHASE_STRIP = NO;
				DEBUG_INFORMATION_FORMAT = dwarf;
				ENABLE_STRICT_OBJC_MSGSEND = YES;
				ENABLE_TESTABILITY = YES;
				GCC_C_LANGUAGE_STANDARD = gnu11;
				GCC_DYNAMIC_NO_PIC = NO;
				GCC_NO_COMMON_BLOCKS = YES;
				GCC_OPTIMIZATION_LEVEL = 0;
				GCC_PREPROCESSOR_DEFINITIONS = (
					"DEBUG=1",
					"$(inherited)",
				);
				GCC_WARN_64_TO_32_BIT_CONVERSION = YES;
				GCC_WARN_ABOUT_RETURN_TYPE = YES_ERROR;
				GCC_WARN_UNDECLARED_SELECTOR = YES;
				GCC_WARN_UNINITIALIZED_AUTOS = YES_AGGRESSIVE;
				GCC_WARN_UNUSED_FUNCTION = YES;
				GCC_WARN_UNUSED_VARIABLE = YES;
				IPHONEOS_DEPLOYMENT_TARGET = 14.0;
				MTL_ENABLE_DEBUG_INFO = INCLUDE_SOURCE;
				MTL_FAST_MATH = YES;
				ONLY_ACTIVE_ARCH = YES;
				SDKROOT = iphoneos;
				SWIFT_ACTIVE_COMPILATION_CONDITIONS = DEBUG;
				SWIFT_OPTIMIZATION_LEVEL = "-Onone";
			};
			name = Debug;
		};
		093DEBF32A1A085800279D38 /* Release */ = {
			isa = XCBuildConfiguration;
			buildSettings = {
				ALWAYS_SEARCH_USER_PATHS = NO;
				CLANG_ANALYZER_NONNULL = YES;
				CLANG_ANALYZER_NUMBER_OBJECT_CONVERSION = YES_AGGRESSIVE;
				CLANG_CXX_LANGUAGE_STANDARD = "gnu++14";
				CLANG_CXX_LIBRARY = "libc++";
				CLANG_ENABLE_MODULES = YES;
				CLANG_ENABLE_OBJC_ARC = YES;
				CLANG_ENABLE_OBJC_WEAK = YES;
				CLANG_WARN_BLOCK_CAPTURE_AUTORELEASING = YES;
				CLANG_WARN_BOOL_CONVERSION = YES;
				CLANG_WARN_COMMA = YES;
				CLANG_WARN_CONSTANT_CONVERSION = YES;
				CLANG_WARN_DEPRECATED_OBJC_IMPLEMENTATIONS = YES;
				CLANG_WARN_DIRECT_OBJC_ISA_USAGE = YES_ERROR;
				CLANG_WARN_DOCUMENTATION_COMMENTS = YES;
				CLANG_WARN_EMPTY_BODY = YES;
				CLANG_WARN_ENUM_CONVERSION = YES;
				CLANG_WARN_INFINITE_RECURSION = YES;
				CLANG_WARN_INT_CONVERSION = YES;
				CLANG_WARN_NON_LITERAL_NULL_CONVERSION = YES;
				CLANG_WARN_OBJC_IMPLICIT_RETAIN_SELF = YES;
				CLANG_WARN_OBJC_LITERAL_CONVERSION = YES;
				CLANG_WARN_OBJC_ROOT_CLASS = YES_ERROR;
				CLANG_WARN_QUOTED_INCLUDE_IN_FRAMEWORK_HEADER = YES;
				CLANG_WARN_RANGE_LOOP_ANALYSIS = YES;
				CLANG_WARN_STRICT_PROTOTYPES = YES;
				CLANG_WARN_SUSPICIOUS_MOVE = YES;
				CLANG_WARN_UNGUARDED_AVAILABILITY = YES_AGGRESSIVE;
				CLANG_WARN_UNREACHABLE_CODE = YES;
				CLANG_WARN__DUPLICATE_METHOD_MATCH = YES;
				COPY_PHASE_STRIP = NO;
				DEBUG_INFORMATION_FORMAT = "dwarf-with-dsym";
				ENABLE_NS_ASSERTIONS = NO;
				ENABLE_STRICT_OBJC_MSGSEND = YES;
				GCC_C_LANGUAGE_STANDARD = gnu11;
				GCC_NO_COMMON_BLOCKS = YES;
				GCC_WARN_64_TO_32_BIT_CONVERSION = YES;
				GCC_WARN_ABOUT_RETURN_TYPE = YES_ERROR;
				GCC_WARN_UNDECLARED_SELECTOR = YES;
				GCC_WARN_UNINITIALIZED_AUTOS = YES_AGGRESSIVE;
				GCC_WARN_UNUSED_FUNCTION = YES;
				GCC_WARN_UNUSED_VARIABLE = YES;
				IPHONEOS_DEPLOYMENT_TARGET = 14.0;
				MTL_ENABLE_DEBUG_INFO = NO;
				MTL_FAST_MATH = YES;
				SDKROOT = iphoneos;
				SWIFT_COMPILATION_MODE = wholemodule;
				SWIFT_OPTIMIZATION_LEVEL = "-O";
				VALIDATE_PRODUCT = YES;
			};
			name = Release;
		};
		093DEBF52A1A085800279D38 /* Debug */ = {
			isa = XCBuildConfiguration;
			buildSettings = {
				ASSETCATALOG_COMPILER_APPICON_NAME = AppIcon;
				ASSETCATALOG_COMPILER_GLOBAL_ACCENT_COLOR_NAME = AccentColor;
				CODE_SIGN_STYLE = Automatic;
				INFOPLIST_FILE = IosFitnessApp/Info.plist;
				LD_RUNPATH_SEARCH_PATHS = (
					"$(inherited)",
					"@executable_path/Frameworks",
				);
				PRODUCT_BUNDLE_IDENTIFIER = com.kulathunga.IosFitnessApp;
				PRODUCT_NAME = "$(TARGET_NAME)";
				SWIFT_VERSION = 5.0;
				TARGETED_DEVICE_FAMILY = "1,2";
			};
			name = Debug;
		};
		093DEBF62A1A085800279D38 /* Release */ = {
			isa = XCBuildConfiguration;
			buildSettings = {
				ASSETCATALOG_COMPILER_APPICON_NAME = AppIcon;
				ASSETCATALOG_COMPILER_GLOBAL_ACCENT_COLOR_NAME = AccentColor;
				CODE_SIGN_STYLE = Automatic;
				INFOPLIST_FILE = IosFitnessApp/Info.plist;
				LD_RUNPATH_SEARCH_PATHS = (
					"$(inherited)",
					"@executable_path/Frameworks",
				);
				PRODUCT_BUNDLE_IDENTIFIER = com.kulathunga.IosFitnessApp;
				PRODUCT_NAME = "$(TARGET_NAME)";
				SWIFT_VERSION = 5.0;
				TARGETED_DEVICE_FAMILY = "1,2";
			};
			name = Release;
		};
		093DEBF82A1A085800279D38 /* Debug */ = {
			isa = XCBuildConfiguration;
			buildSettings = {
				ALWAYS_EMBED_SWIFT_STANDARD_LIBRARIES = YES;
				BUNDLE_LOADER = "$(TEST_HOST)";
				CODE_SIGN_STYLE = Automatic;
				INFOPLIST_FILE = IosFitnessAppTests/Info.plist;
				IPHONEOS_DEPLOYMENT_TARGET = 14.0;
				LD_RUNPATH_SEARCH_PATHS = (
					"$(inherited)",
					"@executable_path/Frameworks",
					"@loader_path/Frameworks",
				);
				PRODUCT_BUNDLE_IDENTIFIER = com.kulathunga.IosFitnessAppTests;
				PRODUCT_NAME = "$(TARGET_NAME)";
				SWIFT_VERSION = 5.0;
				TARGETED_DEVICE_FAMILY = "1,2";
				TEST_HOST = "$(BUILT_PRODUCTS_DIR)/IosFitnessApp.app/IosFitnessApp";
			};
			name = Debug;
		};
		093DEBF92A1A085800279D38 /* Release */ = {
			isa = XCBuildConfiguration;
			buildSettings = {
				ALWAYS_EMBED_SWIFT_STANDARD_LIBRARIES = YES;
				BUNDLE_LOADER = "$(TEST_HOST)";
				CODE_SIGN_STYLE = Automatic;
				INFOPLIST_FILE = IosFitnessAppTests/Info.plist;
				IPHONEOS_DEPLOYMENT_TARGET = 14.0;
				LD_RUNPATH_SEARCH_PATHS = (
					"$(inherited)",
					"@executable_path/Frameworks",
					"@loader_path/Frameworks",
				);
				PRODUCT_BUNDLE_IDENTIFIER = com.kulathunga.IosFitnessAppTests;
				PRODUCT_NAME = "$(TARGET_NAME)";
				SWIFT_VERSION = 5.0;
				TARGETED_DEVICE_FAMILY = "1,2";
				TEST_HOST = "$(BUILT_PRODUCTS_DIR)/IosFitnessApp.app/IosFitnessApp";
			};
			name = Release;
		};
		093DEBFB2A1A085800279D38 /* Debug */ = {
			isa = XCBuildConfiguration;
			buildSettings = {
				ALWAYS_EMBED_SWIFT_STANDARD_LIBRARIES = YES;
				CODE_SIGN_STYLE = Automatic;
				INFOPLIST_FILE = IosFitnessAppUITests/Info.plist;
				LD_RUNPATH_SEARCH_PATHS = (
					"$(inherited)",
					"@executable_path/Frameworks",
					"@loader_path/Frameworks",
				);
				PRODUCT_BUNDLE_IDENTIFIER = com.kulathunga.IosFitnessAppUITests;
				PRODUCT_NAME = "$(TARGET_NAME)";
				SWIFT_VERSION = 5.0;
				TARGETED_DEVICE_FAMILY = "1,2";
				TEST_TARGET_NAME = IosFitnessApp;
			};
			name = Debug;
		};
		093DEBFC2A1A085800279D38 /* Release */ = {
			isa = XCBuildConfiguration;
			buildSettings = {
				ALWAYS_EMBED_SWIFT_STANDARD_LIBRARIES = YES;
				CODE_SIGN_STYLE = Automatic;
				INFOPLIST_FILE = IosFitnessAppUITests/Info.plist;
				LD_RUNPATH_SEARCH_PATHS = (
					"$(inherited)",
					"@executable_path/Frameworks",
					"@loader_path/Frameworks",
				);
				PRODUCT_BUNDLE_IDENTIFIER = com.kulathunga.IosFitnessAppUITests;
				PRODUCT_NAME = "$(TARGET_NAME)";
				SWIFT_VERSION = 5.0;
				TARGETED_DEVICE_FAMILY = "1,2";
				TEST_TARGET_NAME = IosFitnessApp;
			};
			name = Release;
		};
/* End XCBuildConfiguration section */

/* Begin XCConfigurationList section */
		093DEBC52A1A083400279D38 /* Build configuration list for PBXProject "IosFitnessApp" */ = {
			isa = XCConfigurationList;
			buildConfigurations = (
				093DEBF22A1A085800279D38 /* Debug */,
				093DEBF32A1A085800279D38 /* Release */,
			);
			defaultConfigurationIsVisible = 0;
			defaultConfigurationName = Release;
		};
		093DEBF42A1A085800279D38 /* Build configuration list for PBXNativeTarget "IosFitnessApp" */ = {
			isa = XCConfigurationList;
			buildConfigurations = (
				093DEBF52A1A085800279D38 /* Debug */,
				093DEBF62A1A085800279D38 /* Release */,
			);
			defaultConfigurationIsVisible = 0;
			defaultConfigurationName = Release;
		};
		093DEBF72A1A085800279D38 /* Build configuration list for PBXNativeTarget "IosFitnessAppTests" */ = {
			isa = XCConfigurationList;
			buildConfigurations = (
				093DEBF82A1A085800279D38 /* Debug */,
				093DEBF92A1A085800279D38 /* Release */,
			);
			defaultConfigurationIsVisible = 0;
			defaultConfigurationName = Release;
		};
		093DEBFA2A1A085800279D38 /* Build configuration list for PBXNativeTarget "IosFitnessAppUITests" */ = {
			isa = XCConfigurationList;
			buildConfigurations = (
				093DEBFB2A1A085800279D38 /* Debug */,
				093DEBFC2A1A085800279D38 /* Release */,
			);
			defaultConfigurationIsVisible = 0;
			defaultConfigurationName = Release;
		};
/* End XCConfigurationList section */
	};
	rootObject = 093DEBC22A1A083400279D38 /* Project object */;
}
